// !$*UTF8*$!
{
	archiveVersion = 1;
	classes = {
	};
	objectVersion = 48;
	objects = {

/* Begin PBXBuildFile section */
		227F81461F13DC6500459D34 /* AppDelegate.swift in Sources */ = {isa = PBXBuildFile; fileRef = 227F81451F13DC6500459D34 /* AppDelegate.swift */; };
		227F81481F13DC6500459D34 /* ViewController.swift in Sources */ = {isa = PBXBuildFile; fileRef = 227F81471F13DC6500459D34 /* ViewController.swift */; };
		227F814B1F13DC6500459D34 /* Main.storyboard in Resources */ = {isa = PBXBuildFile; fileRef = 227F81491F13DC6500459D34 /* Main.storyboard */; };
		227F814D1F13DC6500459D34 /* Assets.xcassets in Resources */ = {isa = PBXBuildFile; fileRef = 227F814C1F13DC6500459D34 /* Assets.xcassets */; };
		227F81501F13DC6500459D34 /* LaunchScreen.storyboard in Resources */ = {isa = PBXBuildFile; fileRef = 227F814E1F13DC6500459D34 /* LaunchScreen.storyboard */; };
		22D0A3F11F1FD73F00098B7F /* Impact.ttf in Resources */ = {isa = PBXBuildFile; fileRef = 22D0A3F01F1FD73F00098B7F /* Impact.ttf */; };
		22D0A3F31F1FDDB700098B7F /* MemeStructs.swift in Sources */ = {isa = PBXBuildFile; fileRef = 22D0A3F21F1FDDB700098B7F /* MemeStructs.swift */; };
/* End PBXBuildFile section */

/* Begin PBXFileReference section */
		227F81421F13DC6500459D34 /* MemeMe.app */ = {isa = PBXFileReference; explicitFileType = wrapper.application; includeInIndex = 0; path = MemeMe.app; sourceTree = BUILT_PRODUCTS_DIR; };
		227F81451F13DC6500459D34 /* AppDelegate.swift */ = {isa = PBXFileReference; lastKnownFileType = sourcecode.swift; path = AppDelegate.swift; sourceTree = "<group>"; };
		227F81471F13DC6500459D34 /* ViewController.swift */ = {isa = PBXFileReference; lastKnownFileType = sourcecode.swift; path = ViewController.swift; sourceTree = "<group>"; };
		227F814A1F13DC6500459D34 /* Base */ = {isa = PBXFileReference; lastKnownFileType = file.storyboard; name = Base; path = Base.lproj/Main.storyboard; sourceTree = "<group>"; };
		227F814C1F13DC6500459D34 /* Assets.xcassets */ = {isa = PBXFileReference; lastKnownFileType = folder.assetcatalog; path = Assets.xcassets; sourceTree = "<group>"; };
		227F814F1F13DC6500459D34 /* Base */ = {isa = PBXFileReference; lastKnownFileType = file.storyboard; name = Base; path = Base.lproj/LaunchScreen.storyboard; sourceTree = "<group>"; };
		227F81511F13DC6500459D34 /* Info.plist */ = {isa = PBXFileReference; lastKnownFileType = text.plist.xml; path = Info.plist; sourceTree = "<group>"; };
		22D0A3F01F1FD73F00098B7F /* Impact.ttf */ = {isa = PBXFileReference; lastKnownFileType = file; path = Impact.ttf; sourceTree = "<group>"; };
		22D0A3F21F1FDDB700098B7F /* MemeStructs.swift */ = {isa = PBXFileReference; fileEncoding = 4; lastKnownFileType = sourcecode.swift; path = MemeStructs.swift; sourceTree = "<group>"; };
/* End PBXFileReference section */

/* Begin PBXFrameworksBuildPhase section */
		227F813F1F13DC6500459D34 /* Frameworks */ = {
			isa = PBXFrameworksBuildPhase;
			buildActionMask = 2147483647;
			files = (
			);
			runOnlyForDeploymentPostprocessing = 0;
		};
/* End PBXFrameworksBuildPhase section */

/* Begin PBXGroup section */
		227F81391F13DC6500459D34 = {
			isa = PBXGroup;
			children = (
				227F81441F13DC6500459D34 /* MemeMe */,
				227F81431F13DC6500459D34 /* Products */,
			);
			sourceTree = "<group>";
		};
		227F81431F13DC6500459D34 /* Products */ = {
			isa = PBXGroup;
			children = (
				227F81421F13DC6500459D34 /* MemeMe.app */,
			);
			name = Products;
			sourceTree = "<group>";
		};
		227F81441F13DC6500459D34 /* MemeMe */ = {
			isa = PBXGroup;
			children = (
				22D0A3F01F1FD73F00098B7F /* Impact.ttf */,
				227F81451F13DC6500459D34 /* AppDelegate.swift */,
				227F81471F13DC6500459D34 /* ViewController.swift */,
				227F81491F13DC6500459D34 /* Main.storyboard */,
				227F814C1F13DC6500459D34 /* Assets.xcassets */,
				227F814E1F13DC6500459D34 /* LaunchScreen.storyboard */,
				227F81511F13DC6500459D34 /* Info.plist */,
				22D0A3F21F1FDDB700098B7F /* MemeStructs.swift */,
			);
			path = MemeMe;
			sourceTree = "<group>";
		};
/* End PBXGroup section */

/* Begin PBXNativeTarget section */
		227F81411F13DC6500459D34 /* MemeMe */ = {
			isa = PBXNativeTarget;
			buildConfigurationList = 227F81541F13DC6500459D34 /* Build configuration list for PBXNativeTarget "MemeMe" */;
			buildPhases = (
				227F813E1F13DC6500459D34 /* Sources */,
				227F813F1F13DC6500459D34 /* Frameworks */,
				227F81401F13DC6500459D34 /* Resources */,
			);
			buildRules = (
			);
			dependencies = (
			);
			name = MemeMe;
			productName = MemeMe_V1;
			productReference = 227F81421F13DC6500459D34 /* MemeMe.app */;
			productType = "com.apple.product-type.application";
		};
/* End PBXNativeTarget section */

/* Begin PBXProject section */
		227F813A1F13DC6500459D34 /* Project object */ = {
			isa = PBXProject;
			attributes = {
				LastSwiftUpdateCheck = 0830;
				LastUpgradeCheck = 0900;
				ORGANIZATIONNAME = "Timothy Spears";
				TargetAttributes = {
					227F81411F13DC6500459D34 = {
						CreatedOnToolsVersion = 8.3.3;
						DevelopmentTeam = 8EVAVZKARD;
						LastSwiftMigration = 0900;
						ProvisioningStyle = Automatic;
					};
				};
			};
			buildConfigurationList = 227F813D1F13DC6500459D34 /* Build configuration list for PBXProject "MemeMe" */;
			compatibilityVersion = "Xcode 8.0";
			developmentRegion = English;
			hasScannedForEncodings = 0;
			knownRegions = (
				en,
				Base,
			);
			mainGroup = 227F81391F13DC6500459D34;
			productRefGroup = 227F81431F13DC6500459D34 /* Products */;
			projectDirPath = "";
			projectRoot = "";
			targets = (
				227F81411F13DC6500459D34 /* MemeMe */,
			);
		};
/* End PBXProject section */

/* Begin PBXResourcesBuildPhase section */
		227F81401F13DC6500459D34 /* Resources */ = {
			isa = PBXResourcesBuildPhase;
			buildActionMask = 2147483647;
			files = (
				22D0A3F11F1FD73F00098B7F /* Impact.ttf in Resources */,
				227F81501F13DC6500459D34 /* LaunchScreen.storyboard in Resources */,
				227F814D1F13DC6500459D34 /* Assets.xcassets in Resources */,
				227F814B1F13DC6500459D34 /* Main.storyboard in Resources */,
			);
			runOnlyForDeploymentPostprocessing = 0;
		};
/* End PBXResourcesBuildPhase section */

/* Begin PBXSourcesBuildPhase section */
		227F813E1F13DC6500459D34 /* Sources */ = {
			isa = PBXSourcesBuildPhase;
			buildActionMask = 2147483647;
			files = (
				227F81481F13DC6500459D34 /* ViewController.swift in Sources */,
				227F81461F13DC6500459D34 /* AppDelegate.swift in Sources */,
				22D0A3F31F1FDDB700098B7F /* MemeStructs.swift in Sources */,
			);
			runOnlyForDeploymentPostprocessing = 0;
		};
/* End PBXSourcesBuildPhase section */

/* Begin PBXVariantGroup section */
		227F81491F13DC6500459D34 /* Main.storyboard */ = {
			isa = PBXVariantGroup;
			children = (
				227F814A1F13DC6500459D34 /* Base */,
			);
			name = Main.storyboard;
			sourceTree = "<group>";
		};
		227F814E1F13DC6500459D34 /* LaunchScreen.storyboard */ = {
			isa = PBXVariantGroup;
			children = (
				227F814F1F13DC6500459D34 /* Base */,
			);
			name = LaunchScreen.storyboard;
			sourceTree = "<group>";
		};
/* End PBXVariantGroup section */

/* Begin XCBuildConfiguration section */
		227F81521F13DC6500459D34 /* Debug */ = {
			isa = XCBuildConfiguration;
			buildSettings = {
				ALWAYS_SEARCH_USER_PATHS = NO;
				CLANG_ANALYZER_NONNULL = YES;
				CLANG_ANALYZER_NUMBER_OBJECT_CONVERSION = YES_AGGRESSIVE;
				CLANG_CXX_LANGUAGE_STANDARD = "gnu++0x";
				CLANG_CXX_LIBRARY = "libc++";
				CLANG_ENABLE_MODULES = YES;
				CLANG_ENABLE_OBJC_ARC = YES;
				CLANG_WARN_BLOCK_CAPTURE_AUTORELEASING = YES;
				CLANG_WARN_BOOL_CONVERSION = YES;
				CLANG_WARN_COMMA = YES;
				CLANG_WARN_CONSTANT_CONVERSION = YES;
				CLANG_WARN_DIRECT_OBJC_ISA_USAGE = YES_ERROR;
				CLANG_WARN_DOCUMENTATION_COMMENTS = YES;
				CLANG_WARN_EMPTY_BODY = YES;
				CLANG_WARN_ENUM_CONVERSION = YES;
				CLANG_WARN_INFINITE_RECURSION = YES;
				CLANG_WARN_INT_CONVERSION = YES;
				CLANG_WARN_NON_LITERAL_NULL_CONVERSION = YES;
				CLANG_WARN_OBJC_LITERAL_CONVERSION = YES;
				CLANG_WARN_OBJC_ROOT_CLASS = YES_ERROR;
				CLANG_WARN_RANGE_LOOP_ANALYSIS = YES;
				CLANG_WARN_STRICT_PROTOTYPES = YES;
				CLANG_WARN_SUSPICIOUS_MOVE = YES;
				CLANG_WARN_UNREACHABLE_CODE = YES;
				CLANG_WARN__DUPLICATE_METHOD_MATCH = YES;
				"CODE_SIGN_IDENTITY[sdk=iphoneos*]" = "iPhone Developer";
				COPY_PHASE_STRIP = NO;
				DEBUG_INFORMATION_FORMAT = dwarf;
				ENABLE_STRICT_OBJC_MSGSEND = YES;
				ENABLE_TESTABILITY = YES;
				GCC_C_LANGUAGE_STANDARD = gnu99;
				GCC_DYNAMIC_NO_PIC = NO;
				GCC_NO_COMMON_BLOCKS = YES;
				GCC_OPTIMIZATION_LEVEL = 0;
				GCC_PREPROCESSOR_DEFINITIONS = (
					"DEBUG=1",
					"$(inherited)",
				);
				GCC_WARN_64_TO_32_BIT_CONVERSION = YES;
				GCC_WARN_ABOUT_RETURN_TYPE = YES_ERROR;
				GCC_WARN_UNDECLARED_SELECTOR = YES;
				GCC_WARN_UNINITIALIZED_AUTOS = YES_AGGRESSIVE;
				GCC_WARN_UNUSED_FUNCTION = YES;
				GCC_WARN_UNUSED_VARIABLE = YES;
				IPHONEOS_DEPLOYMENT_TARGET = 11.0;
				MTL_ENABLE_DEBUG_INFO = YES;
				ONLY_ACTIVE_ARCH = YES;
				SDKROOT = iphoneos;
				SWIFT_ACTIVE_COMPILATION_CONDITIONS = DEBUG;
				SWIFT_OPTIMIZATION_LEVEL = "-Onone";
			};
			name = Debug;
		};
		227F81531F13DC6500459D34 /* Release */ = {
			isa = XCBuildConfiguration;
			buildSettings = {
				ALWAYS_SEARCH_USER_PATHS = NO;
				CLANG_ANALYZER_NONNULL = YES;
				CLANG_ANALYZER_NUMBER_OBJECT_CONVERSION = YES_AGGRESSIVE;
				CLANG_CXX_LANGUAGE_STANDARD = "gnu++0x";
				CLANG_CXX_LIBRARY = "libc++";
				CLANG_ENABLE_MODULES = YES;
				CLANG_ENABLE_OBJC_ARC = YES;
				CLANG_WARN_BLOCK_CAPTURE_AUTORELEASING = YES;
				CLANG_WARN_BOOL_CONVERSION = YES;
				CLANG_WARN_COMMA = YES;
				CLANG_WARN_CONSTANT_CONVERSION = YES;
				CLANG_WARN_DIRECT_OBJC_ISA_USAGE = YES_ERROR;
				CLANG_WARN_DOCUMENTATION_COMMENTS = YES;
				CLANG_WARN_EMPTY_BODY = YES;
				CLANG_WARN_ENUM_CONVERSION = YES;
				CLANG_WARN_INFINITE_RECURSION = YES;
				CLANG_WARN_INT_CONVERSION = YES;
				CLANG_WARN_NON_LITERAL_NULL_CONVERSION = YES;
				CLANG_WARN_OBJC_LITERAL_CONVERSION = YES;
				CLANG_WARN_OBJC_ROOT_CLASS = YES_ERROR;
				CLANG_WARN_RANGE_LOOP_ANALYSIS = YES;
				CLANG_WARN_STRICT_PROTOTYPES = YES;
				CLANG_WARN_SUSPICIOUS_MOVE = YES;
				CLANG_WARN_UNREACHABLE_CODE = YES;
				CLANG_WARN__DUPLICATE_METHOD_MATCH = YES;
				"CODE_SIGN_IDENTITY[sdk=iphoneos*]" = "iPhone Developer";
				COPY_PHASE_STRIP = NO;
				DEBUG_INFORMATION_FORMAT = "dwarf-with-dsym";
				ENABLE_NS_ASSERTIONS = NO;
				ENABLE_STRICT_OBJC_MSGSEND = YES;
				GCC_C_LANGUAGE_STANDARD = gnu99;
				GCC_NO_COMMON_BLOCKS = YES;
				GCC_WARN_64_TO_32_BIT_CONVERSION = YES;
				GCC_WARN_ABOUT_RETURN_TYPE = YES_ERROR;
				GCC_WARN_UNDECLARED_SELECTOR = YES;
				GCC_WARN_UNINITIALIZED_AUTOS = YES_AGGRESSIVE;
				GCC_WARN_UNUSED_FUNCTION = YES;
				GCC_WARN_UNUSED_VARIABLE = YES;
				IPHONEOS_DEPLOYMENT_TARGET = 11.0;
				MTL_ENABLE_DEBUG_INFO = NO;
				SDKROOT = iphoneos;
				SWIFT_OPTIMIZATION_LEVEL = "-Owholemodule";
				VALIDATE_PRODUCT = YES;
			};
			name = Release;
		};
		227F81551F13DC6500459D34 /* Debug */ = {
			isa = XCBuildConfiguration;
			buildSettings = {
				ASSETCATALOG_COMPILER_APPICON_NAME = AppIcon;
				DEVELOPMENT_TEAM = 8EVAVZKARD;
				INFOPLIST_FILE = "$(SRCROOT)/MemeMe/Info.plist";
				LD_RUNPATH_SEARCH_PATHS = "$(inherited) @executable_path/Frameworks";
				PRODUCT_BUNDLE_IDENTIFIER = "Tim.MemeMe-V1";
				PRODUCT_NAME = "$(TARGET_NAME)";
				SWIFT_SWIFT3_OBJC_INFERENCE = On;
				SWIFT_VERSION = 4.0;
			};
			name = Debug;
		};
		227F81561F13DC6500459D34 /* Release */ = {
			isa = XCBuildConfiguration;
			buildSettings = {
				ASSETCATALOG_COMPILER_APPICON_NAME = AppIcon;
				DEVELOPMENT_TEAM = 8EVAVZKARD;
				INFOPLIST_FILE = "$(SRCROOT)/MemeMe/Info.plist";
				LD_RUNPATH_SEARCH_PATHS = "$(inherited) @executable_path/Frameworks";
				PRODUCT_BUNDLE_IDENTIFIER = "Tim.MemeMe-V1";
				PRODUCT_NAME = "$(TARGET_NAME)";
				SWIFT_SWIFT3_OBJC_INFERENCE = On;
				SWIFT_VERSION = 4.0;
			};
			name = Release;
		};
/* End XCBuildConfiguration section */

/* Begin XCConfigurationList section */
		227F813D1F13DC6500459D34 /* Build configuration list for PBXProject "MemeMe" */ = {
			isa = XCConfigurationList;
			buildConfigurations = (
				227F81521F13DC6500459D34 /* Debug */,
				227F81531F13DC6500459D34 /* Release */,
			);
			defaultConfigurationIsVisible = 0;
			defaultConfigurationName = Release;
		};
		227F81541F13DC6500459D34 /* Build configuration list for PBXNativeTarget "MemeMe" */ = {
			isa = XCConfigurationList;
			buildConfigurations = (
				227F81551F13DC6500459D34 /* Debug */,
				227F81561F13DC6500459D34 /* Release */,
			);
			defaultConfigurationIsVisible = 0;
			defaultConfigurationName = Release;
		};
/* End XCConfigurationList section */
	};
	rootObject = 227F813A1F13DC6500459D34 /* Project object */;
}
